<Solution>
  <Project Path="Web.Tests/Web.Tests.csproj" />
  <Project Path="Web/Web.csproj" />
  <Project Path="Domain/Domain.csproj" />
  <Project Path="Infrastructure/Infrastructure.csproj" />
  <Project Path="Application/Application.csproj" />
  <Project Path="Domain.Tests/Domain.Tests.csproj" />
</Solution>
